// !$*UTF8*$!
{
	archiveVersion = 1;
	classes = {
	};
	objectVersion = 46;
	objects = {

/* Begin PBXBuildFile section */
		7AFDAEA71AEDD943007C0C92 /* AppDelegate.swift in Sources */ = {isa = PBXBuildFile; fileRef = 7AFDAEA61AEDD943007C0C92 /* AppDelegate.swift */; };
		7AFDAEA91AEDD943007C0C92 /* ViewController.swift in Sources */ = {isa = PBXBuildFile; fileRef = 7AFDAEA81AEDD943007C0C92 /* ViewController.swift */; };
		7AFDAEAC1AEDD943007C0C92 /* Main.storyboard in Resources */ = {isa = PBXBuildFile; fileRef = 7AFDAEAA1AEDD943007C0C92 /* Main.storyboard */; };
		7AFDAEAE1AEDD943007C0C92 /* Images.xcassets in Resources */ = {isa = PBXBuildFile; fileRef = 7AFDAEAD1AEDD943007C0C92 /* Images.xcassets */; };
		7AFDAEB11AEDD943007C0C92 /* LaunchScreen.xib in Resources */ = {isa = PBXBuildFile; fileRef = 7AFDAEAF1AEDD943007C0C92 /* LaunchScreen.xib */; };
		7AFDAEBD1AEDD943007C0C92 /* PeepsTests.swift in Sources */ = {isa = PBXBuildFile; fileRef = 7AFDAEBC1AEDD943007C0C92 /* PeepsTests.swift */; };
/* End PBXBuildFile section */

/* Begin PBXContainerItemProxy section */
		7AFDAEB71AEDD943007C0C92 /* PBXContainerItemProxy */ = {
			isa = PBXContainerItemProxy;
			containerPortal = 7AFDAE991AEDD943007C0C92 /* Project object */;
			proxyType = 1;
			remoteGlobalIDString = 7AFDAEA01AEDD943007C0C92;
			remoteInfo = Peeps;
		};
/* End PBXContainerItemProxy section */

/* Begin PBXFileReference section */
		7AFDAEA11AEDD943007C0C92 /* Peeps.app */ = {isa = PBXFileReference; explicitFileType = wrapper.application; includeInIndex = 0; path = Peeps.app; sourceTree = BUILT_PRODUCTS_DIR; };
		7AFDAEA51AEDD943007C0C92 /* Info.plist */ = {isa = PBXFileReference; lastKnownFileType = text.plist.xml; path = Info.plist; sourceTree = "<group>"; };
		7AFDAEA61AEDD943007C0C92 /* AppDelegate.swift */ = {isa = PBXFileReference; lastKnownFileType = sourcecode.swift; path = AppDelegate.swift; sourceTree = "<group>"; };
		7AFDAEA81AEDD943007C0C92 /* ViewController.swift */ = {isa = PBXFileReference; lastKnownFileType = sourcecode.swift; path = ViewController.swift; sourceTree = "<group>"; };
		7AFDAEAB1AEDD943007C0C92 /* Base */ = {isa = PBXFileReference; lastKnownFileType = file.storyboard; name = Base; path = Base.lproj/Main.storyboard; sourceTree = "<group>"; };
		7AFDAEAD1AEDD943007C0C92 /* Images.xcassets */ = {isa = PBXFileReference; lastKnownFileType = folder.assetcatalog; path = Images.xcassets; sourceTree = "<group>"; };
		7AFDAEB01AEDD943007C0C92 /* Base */ = {isa = PBXFileReference; lastKnownFileType = file.xib; name = Base; path = Base.lproj/LaunchScreen.xib; sourceTree = "<group>"; };
		7AFDAEB61AEDD943007C0C92 /* PeepsTests.xctest */ = {isa = PBXFileReference; explicitFileType = wrapper.cfbundle; includeInIndex = 0; path = PeepsTests.xctest; sourceTree = BUILT_PRODUCTS_DIR; };
		7AFDAEBB1AEDD943007C0C92 /* Info.plist */ = {isa = PBXFileReference; lastKnownFileType = text.plist.xml; path = Info.plist; sourceTree = "<group>"; };
		7AFDAEBC1AEDD943007C0C92 /* PeepsTests.swift */ = {isa = PBXFileReference; lastKnownFileType = sourcecode.swift; path = PeepsTests.swift; sourceTree = "<group>"; };
/* End PBXFileReference section */

/* Begin PBXFrameworksBuildPhase section */
		7AFDAE9E1AEDD943007C0C92 /* Frameworks */ = {
			isa = PBXFrameworksBuildPhase;
			buildActionMask = 2147483647;
			files = (
			);
			runOnlyForDeploymentPostprocessing = 0;
		};
		7AFDAEB31AEDD943007C0C92 /* Frameworks */ = {
			isa = PBXFrameworksBuildPhase;
			buildActionMask = 2147483647;
			files = (
			);
			runOnlyForDeploymentPostprocessing = 0;
		};
/* End PBXFrameworksBuildPhase section */

/* Begin PBXGroup section */
		7AFDAE981AEDD943007C0C92 = {
			isa = PBXGroup;
			children = (
				7AFDAEA31AEDD943007C0C92 /* Peeps */,
				7AFDAEB91AEDD943007C0C92 /* PeepsTests */,
				7AFDAEA21AEDD943007C0C92 /* Products */,
			);
			sourceTree = "<group>";
		};
		7AFDAEA21AEDD943007C0C92 /* Products */ = {
			isa = PBXGroup;
			children = (
				7AFDAEA11AEDD943007C0C92 /* Peeps.app */,
				7AFDAEB61AEDD943007C0C92 /* PeepsTests.xctest */,
			);
			name = Products;
			sourceTree = "<group>";
		};
		7AFDAEA31AEDD943007C0C92 /* Peeps */ = {
			isa = PBXGroup;
			children = (
				7AFDAEA61AEDD943007C0C92 /* AppDelegate.swift */,
				7AFDAEA81AEDD943007C0C92 /* ViewController.swift */,
				7AFDAEAA1AEDD943007C0C92 /* Main.storyboard */,
				7AFDAEAD1AEDD943007C0C92 /* Images.xcassets */,
				7AFDAEAF1AEDD943007C0C92 /* LaunchScreen.xib */,
				7AFDAEA41AEDD943007C0C92 /* Supporting Files */,
			);
			path = Peeps;
			sourceTree = "<group>";
		};
		7AFDAEA41AEDD943007C0C92 /* Supporting Files */ = {
			isa = PBXGroup;
			children = (
				7AFDAEA51AEDD943007C0C92 /* Info.plist */,
			);
			name = "Supporting Files";
			sourceTree = "<group>";
		};
		7AFDAEB91AEDD943007C0C92 /* PeepsTests */ = {
			isa = PBXGroup;
			children = (
				7AFDAEBC1AEDD943007C0C92 /* PeepsTests.swift */,
				7AFDAEBA1AEDD943007C0C92 /* Supporting Files */,
			);
			path = PeepsTests;
			sourceTree = "<group>";
		};
		7AFDAEBA1AEDD943007C0C92 /* Supporting Files */ = {
			isa = PBXGroup;
			children = (
				7AFDAEBB1AEDD943007C0C92 /* Info.plist */,
			);
			name = "Supporting Files";
			sourceTree = "<group>";
		};
/* End PBXGroup section */

/* Begin PBXNativeTarget section */
		7AFDAEA01AEDD943007C0C92 /* Peeps */ = {
			isa = PBXNativeTarget;
			buildConfigurationList = 7AFDAEC01AEDD943007C0C92 /* Build configuration list for PBXNativeTarget "Peeps" */;
			buildPhases = (
				7AFDAE9D1AEDD943007C0C92 /* Sources */,
				7AFDAE9E1AEDD943007C0C92 /* Frameworks */,
				7AFDAE9F1AEDD943007C0C92 /* Resources */,
			);
			buildRules = (
			);
			dependencies = (
			);
			name = Peeps;
			productName = Peeps;
			productReference = 7AFDAEA11AEDD943007C0C92 /* Peeps.app */;
			productType = "com.apple.product-type.application";
		};
		7AFDAEB51AEDD943007C0C92 /* PeepsTests */ = {
			isa = PBXNativeTarget;
			buildConfigurationList = 7AFDAEC31AEDD943007C0C92 /* Build configuration list for PBXNativeTarget "PeepsTests" */;
			buildPhases = (
				7AFDAEB21AEDD943007C0C92 /* Sources */,
				7AFDAEB31AEDD943007C0C92 /* Frameworks */,
				7AFDAEB41AEDD943007C0C92 /* Resources */,
			);
			buildRules = (
			);
			dependencies = (
				7AFDAEB81AEDD943007C0C92 /* PBXTargetDependency */,
			);
			name = PeepsTests;
			productName = PeepsTests;
			productReference = 7AFDAEB61AEDD943007C0C92 /* PeepsTests.xctest */;
			productType = "com.apple.product-type.bundle.unit-test";
		};
/* End PBXNativeTarget section */

/* Begin PBXProject section */
		7AFDAE991AEDD943007C0C92 /* Project object */ = {
			isa = PBXProject;
			attributes = {
				LastUpgradeCheck = 0630;
				ORGANIZATIONNAME = "Gaby Moreno";
				TargetAttributes = {
					7AFDAEA01AEDD943007C0C92 = {
						CreatedOnToolsVersion = 6.3.1;
					};
					7AFDAEB51AEDD943007C0C92 = {
						CreatedOnToolsVersion = 6.3.1;
						TestTargetID = 7AFDAEA01AEDD943007C0C92;
					};
				};
			};
			buildConfigurationList = 7AFDAE9C1AEDD943007C0C92 /* Build configuration list for PBXProject "Peeps" */;
			compatibilityVersion = "Xcode 3.2";
			developmentRegion = English;
			hasScannedForEncodings = 0;
			knownRegions = (
				en,
				Base,
			);
			mainGroup = 7AFDAE981AEDD943007C0C92;
			productRefGroup = 7AFDAEA21AEDD943007C0C92 /* Products */;
			projectDirPath = "";
			projectRoot = "";
			targets = (
				7AFDAEA01AEDD943007C0C92 /* Peeps */,
				7AFDAEB51AEDD943007C0C92 /* PeepsTests */,
			);
		};
/* End PBXProject section */

/* Begin PBXResourcesBuildPhase section */
		7AFDAE9F1AEDD943007C0C92 /* Resources */ = {
			isa = PBXResourcesBuildPhase;
			buildActionMask = 2147483647;
			files = (
				7AFDAEAC1AEDD943007C0C92 /* Main.storyboard in Resources */,
				7AFDAEB11AEDD943007C0C92 /* LaunchScreen.xib in Resources */,
				7AFDAEAE1AEDD943007C0C92 /* Images.xcassets in Resources */,
			);
			runOnlyForDeploymentPostprocessing = 0;
		};
		7AFDAEB41AEDD943007C0C92 /* Resources */ = {
			isa = PBXResourcesBuildPhase;
			buildActionMask = 2147483647;
			files = (
			);
			runOnlyForDeploymentPostprocessing = 0;
		};
/* End PBXResourcesBuildPhase section */

/* Begin PBXSourcesBuildPhase section */
		7AFDAE9D1AEDD943007C0C92 /* Sources */ = {
			isa = PBXSourcesBuildPhase;
			buildActionMask = 2147483647;
			files = (
				7AFDAEA91AEDD943007C0C92 /* ViewController.swift in Sources */,
				7AFDAEA71AEDD943007C0C92 /* AppDelegate.swift in Sources */,
			);
			runOnlyForDeploymentPostprocessing = 0;
		};
		7AFDAEB21AEDD943007C0C92 /* Sources */ = {
			isa = PBXSourcesBuildPhase;
			buildActionMask = 2147483647;
			files = (
				7AFDAEBD1AEDD943007C0C92 /* PeepsTests.swift in Sources */,
			);
			runOnlyForDeploymentPostprocessing = 0;
		};
/* End PBXSourcesBuildPhase section */

/* Begin PBXTargetDependency section */
		7AFDAEB81AEDD943007C0C92 /* PBXTargetDependency */ = {
			isa = PBXTargetDependency;
			target = 7AFDAEA01AEDD943007C0C92 /* Peeps */;
			targetProxy = 7AFDAEB71AEDD943007C0C92 /* PBXContainerItemProxy */;
		};
/* End PBXTargetDependency section */

/* Begin PBXVariantGroup section */
		7AFDAEAA1AEDD943007C0C92 /* Main.storyboard */ = {
			isa = PBXVariantGroup;
			children = (
				7AFDAEAB1AEDD943007C0C92 /* Base */,
			);
			name = Main.storyboard;
			sourceTree = "<group>";
		};
		7AFDAEAF1AEDD943007C0C92 /* LaunchScreen.xib */ = {
			isa = PBXVariantGroup;
			children = (
				7AFDAEB01AEDD943007C0C92 /* Base */,
			);
			name = LaunchScreen.xib;
			sourceTree = "<group>";
		};
/* End PBXVariantGroup section */

/* Begin XCBuildConfiguration section */
		7AFDAEBE1AEDD943007C0C92 /* Debug */ = {
			isa = XCBuildConfiguration;
			buildSettings = {
				ALWAYS_SEARCH_USER_PATHS = NO;
				CLANG_CXX_LANGUAGE_STANDARD = "gnu++0x";
				CLANG_CXX_LIBRARY = "libc++";
				CLANG_ENABLE_MODULES = YES;
				CLANG_ENABLE_OBJC_ARC = YES;
				CLANG_WARN_BOOL_CONVERSION = YES;
				CLANG_WARN_CONSTANT_CONVERSION = YES;
				CLANG_WARN_DIRECT_OBJC_ISA_USAGE = YES_ERROR;
				CLANG_WARN_EMPTY_BODY = YES;
				CLANG_WARN_ENUM_CONVERSION = YES;
				CLANG_WARN_INT_CONVERSION = YES;
				CLANG_WARN_OBJC_ROOT_CLASS = YES_ERROR;
				CLANG_WARN_UNREACHABLE_CODE = YES;
				CLANG_WARN__DUPLICATE_METHOD_MATCH = YES;
				"CODE_SIGN_IDENTITY[sdk=iphoneos*]" = "iPhone Developer";
				COPY_PHASE_STRIP = NO;
				DEBUG_INFORMATION_FORMAT = "dwarf-with-dsym";
				ENABLE_STRICT_OBJC_MSGSEND = YES;
				GCC_C_LANGUAGE_STANDARD = gnu99;
				GCC_DYNAMIC_NO_PIC = NO;
				GCC_NO_COMMON_BLOCKS = YES;
				GCC_OPTIMIZATION_LEVEL = 0;
				GCC_PREPROCESSOR_DEFINITIONS = (
					"DEBUG=1",
					"$(inherited)",
				);
				GCC_SYMBOLS_PRIVATE_EXTERN = NO;
				GCC_WARN_64_TO_32_BIT_CONVERSION = YES;
				GCC_WARN_ABOUT_RETURN_TYPE = YES_ERROR;
				GCC_WARN_UNDECLARED_SELECTOR = YES;
				GCC_WARN_UNINITIALIZED_AUTOS = YES_AGGRESSIVE;
				GCC_WARN_UNUSED_FUNCTION = YES;
				GCC_WARN_UNUSED_VARIABLE = YES;
				IPHONEOS_DEPLOYMENT_TARGET = 8.3;
				MTL_ENABLE_DEBUG_INFO = YES;
				ONLY_ACTIVE_ARCH = YES;
				SDKROOT = iphoneos;
				SWIFT_OPTIMIZATION_LEVEL = "-Onone";
			};
			name = Debug;
		};
		7AFDAEBF1AEDD943007C0C92 /* Release */ = {
			isa = XCBuildConfiguration;
			buildSettings = {
				ALWAYS_SEARCH_USER_PATHS = NO;
				CLANG_CXX_LANGUAGE_STANDARD = "gnu++0x";
				CLANG_CXX_LIBRARY = "libc++";
				CLANG_ENABLE_MODULES = YES;
				CLANG_ENABLE_OBJC_ARC = YES;
				CLANG_WARN_BOOL_CONVERSION = YES;
				CLANG_WARN_CONSTANT_CONVERSION = YES;
				CLANG_WARN_DIRECT_OBJC_ISA_USAGE = YES_ERROR;
				CLANG_WARN_EMPTY_BODY = YES;
				CLANG_WARN_ENUM_CONVERSION = YES;
				CLANG_WARN_INT_CONVERSION = YES;
				CLANG_WARN_OBJC_ROOT_CLASS = YES_ERROR;
				CLANG_WARN_UNREACHABLE_CODE = YES;
				CLANG_WARN__DUPLICATE_METHOD_MATCH = YES;
				"CODE_SIGN_IDENTITY[sdk=iphoneos*]" = "iPhone Developer";
				COPY_PHASE_STRIP = NO;
				DEBUG_INFORMATION_FORMAT = "dwarf-with-dsym";
				ENABLE_NS_ASSERTIONS = NO;
				ENABLE_STRICT_OBJC_MSGSEND = YES;
				GCC_C_LANGUAGE_STANDARD = gnu99;
				GCC_NO_COMMON_BLOCKS = YES;
				GCC_WARN_64_TO_32_BIT_CONVERSION = YES;
				GCC_WARN_ABOUT_RETURN_TYPE = YES_ERROR;
				GCC_WARN_UNDECLARED_SELECTOR = YES;
				GCC_WARN_UNINITIALIZED_AUTOS = YES_AGGRESSIVE;
				GCC_WARN_UNUSED_FUNCTION = YES;
				GCC_WARN_UNUSED_VARIABLE = YES;
				IPHONEOS_DEPLOYMENT_TARGET = 8.3;
				MTL_ENABLE_DEBUG_INFO = NO;
				SDKROOT = iphoneos;
				VALIDATE_PRODUCT = YES;
			};
			name = Release;
		};
		7AFDAEC11AEDD943007C0C92 /* Debug */ = {
			isa = XCBuildConfiguration;
			buildSettings = {
				ASSETCATALOG_COMPILER_APPICON_NAME = AppIcon;
				INFOPLIST_FILE = Peeps/Info.plist;
				LD_RUNPATH_SEARCH_PATHS = "$(inherited) @executable_path/Frameworks";
				PRODUCT_NAME = "$(TARGET_NAME)";
			};
			name = Debug;
		};
		7AFDAEC21AEDD943007C0C92 /* Release */ = {
			isa = XCBuildConfiguration;
			buildSettings = {
				ASSETCATALOG_COMPILER_APPICON_NAME = AppIcon;
				INFOPLIST_FILE = Peeps/Info.plist;
				LD_RUNPATH_SEARCH_PATHS = "$(inherited) @executable_path/Frameworks";
				PRODUCT_NAME = "$(TARGET_NAME)";
			};
			name = Release;
		};
		7AFDAEC41AEDD943007C0C92 /* Debug */ = {
			isa = XCBuildConfiguration;
			buildSettings = {
				BUNDLE_LOADER = "$(TEST_HOST)";
				FRAMEWORK_SEARCH_PATHS = (
					"$(SDKROOT)/Developer/Library/Frameworks",
					"$(inherited)",
				);
				GCC_PREPROCESSOR_DEFINITIONS = (
					"DEBUG=1",
					"$(inherited)",
				);
				INFOPLIST_FILE = PeepsTests/Info.plist;
				LD_RUNPATH_SEARCH_PATHS = "$(inherited) @executable_path/Frameworks @loader_path/Frameworks";
				PRODUCT_NAME = "$(TARGET_NAME)";
				TEST_HOST = "$(BUILT_PRODUCTS_DIR)/Peeps.app/Peeps";
			};
			name = Debug;
		};
		7AFDAEC51AEDD943007C0C92 /* Release */ = {
			isa = XCBuildConfiguration;
			buildSettings = {
				BUNDLE_LOADER = "$(TEST_HOST)";
				FRAMEWORK_SEARCH_PATHS = (
					"$(SDKROOT)/Developer/Library/Frameworks",
					"$(inherited)",
				);
				INFOPLIST_FILE = PeepsTests/Info.plist;
				LD_RUNPATH_SEARCH_PATHS = "$(inherited) @executable_path/Frameworks @loader_path/Frameworks";
				PRODUCT_NAME = "$(TARGET_NAME)";
				TEST_HOST = "$(BUILT_PRODUCTS_DIR)/Peeps.app/Peeps";
			};
			name = Release;
		};
/* End XCBuildConfiguration section */

/* Begin XCConfigurationList section */
		7AFDAE9C1AEDD943007C0C92 /* Build configuration list for PBXProject "Peeps" */ = {
			isa = XCConfigurationList;
			buildConfigurations = (
				7AFDAEBE1AEDD943007C0C92 /* Debug */,
				7AFDAEBF1AEDD943007C0C92 /* Release */,
			);
			defaultConfigurationIsVisible = 0;
			defaultConfigurationName = Release;
		};
		7AFDAEC01AEDD943007C0C92 /* Build configuration list for PBXNativeTarget "Peeps" */ = {
			isa = XCConfigurationList;
			buildConfigurations = (
				7AFDAEC11AEDD943007C0C92 /* Debug */,
				7AFDAEC21AEDD943007C0C92 /* Release */,
			);
			defaultConfigurationIsVisible = 0;
		};
		7AFDAEC31AEDD943007C0C92 /* Build configuration list for PBXNativeTarget "PeepsTests" */ = {
			isa = XCConfigurationList;
			buildConfigurations = (
				7AFDAEC41AEDD943007C0C92 /* Debug */,
				7AFDAEC51AEDD943007C0C92 /* Release */,
			);
			defaultConfigurationIsVisible = 0;
		};
/* End XCConfigurationList section */
	};
	rootObject = 7AFDAE991AEDD943007C0C92 /* Project object */;
}
